
Microsoft Visual Studio Solution File, Format Version 12.00
# Visual Studio Version 17
VisualStudioVersion = 17.0.31912.275
MinimumVisualStudioVersion = 10.0.40219.1
Project("{FAE04EC0-301F-11D3-BF4B-00C04F79EFBC}") = "lgn_cleanup", "lgn_cleanup.csproj", "{80231E58-64D0-4395-9384-919CB2621885}"
EndProject
Global
	GlobalSection(SolutionConfigurationPlatforms) = preSolution
		Debug|Any CPU = Debug|Any CPU
		Release|Any CPU = Release|Any CPU
	EndGlobalSection
	GlobalSection(ProjectConfigurationPlatforms) = postSolution
		{80231E58-64D0-4395-9384-919CB2621885}.Debug|Any CPU.ActiveCfg = Debug|Any CPU
		{80231E58-64D0-4395-9384-919CB2621885}.Debug|Any CPU.Build.0 = Debug|Any CPU
		{80231E58-64D0-4395-9384-919CB2621885}.Release|Any CPU.ActiveCfg = Release|Any CPU
		{80231E58-64D0-4395-9384-919CB2621885}.Release|Any CPU.Build.0 = Release|Any CPU
	EndGlobalSection
	GlobalSection(SolutionProperties) = preSolution
		HideSolutionNode = FALSE
	EndGlobalSection
	GlobalSection(ExtensibilityGlobals) = postSolution
		SolutionGuid = {BF4AA098-957F-444E-B4CF-C987D53E223D}
	EndGlobalSection
EndGlobal
